
Microsoft Visual Studio Solution File, Format Version 12.00
# Visual Studio Version 17
VisualStudioVersion = 17.5.002.0
MinimumVisualStudioVersion = 10.0.40219.1
Project("{9A19103F-16F7-4668-BE54-9A1E7A4F7556}") = "FibonnacciApp", "FibonnacciApp.csproj", "{11563400-FD8E-4CE4-ADA6-3DEC7C8A8CAA}"
EndProject
Global
	GlobalSection(SolutionConfigurationPlatforms) = preSolution
		Debug|Any CPU = Debug|Any CPU
		Release|Any CPU = Release|Any CPU
	EndGlobalSection
	GlobalSection(ProjectConfigurationPlatforms) = postSolution
		{11563400-FD8E-4CE4-ADA6-3DEC7C8A8CAA}.Debug|Any CPU.ActiveCfg = Debug|Any CPU
		{11563400-FD8E-4CE4-ADA6-3DEC7C8A8CAA}.Debug|Any CPU.Build.0 = Debug|Any CPU
		{11563400-FD8E-4CE4-ADA6-3DEC7C8A8CAA}.Release|Any CPU.ActiveCfg = Release|Any CPU
		{11563400-FD8E-4CE4-ADA6-3DEC7C8A8CAA}.Release|Any CPU.Build.0 = Release|Any CPU
	EndGlobalSection
	GlobalSection(SolutionProperties) = preSolution
		HideSolutionNode = FALSE
	EndGlobalSection
	GlobalSection(ExtensibilityGlobals) = postSolution
		SolutionGuid = {9B0ED1D2-33DE-4668-8C4D-9A0852FC1AB5}
	EndGlobalSection
EndGlobal
